Microsoft Visual Studio Solution File, Format Version 11.00
# Visual Studio 2008

Project("{48B5F054-53E1-2F6B-A492-871ABF30FC9D}") = "GameOfSouls-Final (5levels)_Nirmal", "Assembly-CSharp.csproj", "{6BDFFE29-2448-6355-9A63-93D1863ABC91}"
EndProject
Global
	GlobalSection(SolutionConfigurationPlatforms) = preSolution
		Debug|Any CPU = Debug|Any CPU
		Release|Any CPU = Release|Any CPU
	EndGlobalSection
	GlobalSection(ProjectConfigurationPlatforms) = postSolution
		{6BDFFE29-2448-6355-9A63-93D1863ABC91}.Debug|Any CPU.ActiveCfg = Debug|Any CPU
		{6BDFFE29-2448-6355-9A63-93D1863ABC91}.Debug|Any CPU.Build.0 = Debug|Any CPU
		{6BDFFE29-2448-6355-9A63-93D1863ABC91}.Release|Any CPU.ActiveCfg = Release|Any CPU
		{6BDFFE29-2448-6355-9A63-93D1863ABC91}.Release|Any CPU.Build.0 = Release|Any CPU
	EndGlobalSection
	GlobalSection(SolutionProperties) = preSolution
		HideSolutionNode = FALSE
	EndGlobalSection
	GlobalSection(MonoDevelopProperties) = preSolution
		StartupItem = Assembly-CSharp.csproj
	EndGlobalSection
EndGlobal
