
Microsoft Visual Studio Solution File, Format Version 12.00
# Visual Studio 2015
Project("{FAE04EC0-301F-11D3-BF4B-00C04F79EFBC}") = "GameOfSouls-Final (5levels)_12072016 Aninditha.CSharp", "GameOfSouls-Final (5levels)_12072016 Aninditha.CSharp.csproj", "{65D26690-6108-FB23-CFB5-D0193644A473}"
EndProject
Global
	GlobalSection(SolutionConfigurationPlatforms) = preSolution
		Debug|Any CPU = Debug|Any CPU
		Release|Any CPU = Release|Any CPU
	EndGlobalSection
	GlobalSection(ProjectConfigurationPlatforms) = postSolution
		{65D26690-6108-FB23-CFB5-D0193644A473}.Debug|Any CPU.ActiveCfg = Debug|Any CPU
		{65D26690-6108-FB23-CFB5-D0193644A473}.Debug|Any CPU.Build.0 = Debug|Any CPU
		{65D26690-6108-FB23-CFB5-D0193644A473}.Release|Any CPU.ActiveCfg = Release|Any CPU
		{65D26690-6108-FB23-CFB5-D0193644A473}.Release|Any CPU.Build.0 = Release|Any CPU
	EndGlobalSection
	GlobalSection(SolutionProperties) = preSolution
		HideSolutionNode = FALSE
	EndGlobalSection
EndGlobal
